# Pinned consensus-specs and ssz-specs archives (tag + URL + sha256).
# Generated artifacts: [[generated]] KEY=VALUE blocks (not TOML). Empty field fails verify.
# A digest mismatch is a spec signal: re-pin this file, do not "fix" the hash.

SPEC_TAG=v1.7.0-beta.0
SSZ_SPECS_TAG=v0.1.0

archive minimal v1.7.0-beta.0 https://github.com/ethereum/consensus-specs/releases/download/v1.7.0-beta.0/minimal.tar.gz ba9203686b7312cddf160bfd3d4ad55e531dace6662e0223fe9b13b979535441
archive mainnet v1.7.0-beta.0 https://github.com/ethereum/consensus-specs/releases/download/v1.7.0-beta.0/mainnet.tar.gz 0ef9c069293e2171dd75c5593faf7b97e32b9bcdce9285e870959938747c0774
archive ssz v0.1.0 https://github.com/ethereum/ssz-specs/releases/download/v0.1.0/ssz-test-vectors-v0.1.0.tar.gz e2a65f032b59835c26127295293ea1bc07d7ca0ea1fe0e4f1128dffed333f878

# L1 primitive roots from eth-ssz-specs==0.1.0 (pyspec).
# python is the patch that produced the artifact; verify does not require the PR job interpreter to match.
[[generated]]
id=progressive
python=3.13.7
pip=eth-ssz-specs==0.1.0 -r crates/rvc-spec-vectors/vectors-generated/progressive/requirements.txt
script=scripts/gen_progressive_vectors.py
argv=--out crates/rvc-spec-vectors/vectors-generated/progressive/roots.yaml
output=crates/rvc-spec-vectors/vectors-generated/progressive/roots.yaml
sha256=af96bc7dcab81b76427d50bec50944ec72eda3d33ce8426bf8569acebc6bd97f

# Gloas container HTRs + L3 signing roots from eth-ssz-specs==0.1.0 (pyspec).
# Fork version, GVR, and spec tag are argv (D28); DOMAIN_* are parsed from that tag.
[[generated]]
id=signing-roots
python=3.13.7
pip=eth-ssz-specs==0.1.0 -r crates/rvc-spec-vectors/vectors-generated/signing-roots/requirements.txt
script=scripts/gen_signing_roots.py
argv=--out crates/rvc-spec-vectors/vectors-generated/signing-roots/signing_roots.yaml --fork-version 0x07000001 --genesis-validators-root 0x0000000000000000000000000000000000000000000000000000000000000000 --spec-tag v1.7.0-beta.0
output=crates/rvc-spec-vectors/vectors-generated/signing-roots/signing_roots.yaml
sha256=864ff5176a0b83e9b3e12e2bc03688e32def59e39cbde8816be4a0b15d7962eb
